
Microsoft Visual Studio Solution File, Format Version 12.00
# Visual Studio Version 17
VisualStudioVersion = 17.5.33530.505
MinimumVisualStudioVersion = 10.0.40219.1
Project("{FAE04EC0-301F-11D3-BF4B-00C04F79EFBC}") = "Dz10.2", "Dz10.2\Dz10.2.csproj", "{FF175962-E95E-48AA-938A-377505B3C970}"
EndProject
Project("{FAE04EC0-301F-11D3-BF4B-00C04F79EFBC}") = "Dz10.3", "Dz10.3\Dz10.3.csproj", "{6AAB42A7-5130-4227-A560-70DD25DBEA5A}"
EndProject
Project("{FAE04EC0-301F-11D3-BF4B-00C04F79EFBC}") = "DZ10.4", "DZ10.4\DZ10.4.csproj", "{6FAA23BE-F25B-4736-9D30-FD5303013D0B}"
EndProject
Global
	GlobalSection(SolutionConfigurationPlatforms) = preSolution
		Debug|Any CPU = Debug|Any CPU
		Release|Any CPU = Release|Any CPU
	EndGlobalSection
	GlobalSection(ProjectConfigurationPlatforms) = postSolution
		{FF175962-E95E-48AA-938A-377505B3C970}.Debug|Any CPU.ActiveCfg = Debug|Any CPU
		{FF175962-E95E-48AA-938A-377505B3C970}.Debug|Any CPU.Build.0 = Debug|Any CPU
		{FF175962-E95E-48AA-938A-377505B3C970}.Release|Any CPU.ActiveCfg = Release|Any CPU
		{FF175962-E95E-48AA-938A-377505B3C970}.Release|Any CPU.Build.0 = Release|Any CPU
		{6AAB42A7-5130-4227-A560-70DD25DBEA5A}.Debug|Any CPU.ActiveCfg = Debug|Any CPU
		{6AAB42A7-5130-4227-A560-70DD25DBEA5A}.Debug|Any CPU.Build.0 = Debug|Any CPU
		{6AAB42A7-5130-4227-A560-70DD25DBEA5A}.Release|Any CPU.ActiveCfg = Release|Any CPU
		{6AAB42A7-5130-4227-A560-70DD25DBEA5A}.Release|Any CPU.Build.0 = Release|Any CPU
		{6FAA23BE-F25B-4736-9D30-FD5303013D0B}.Debug|Any CPU.ActiveCfg = Debug|Any CPU
		{6FAA23BE-F25B-4736-9D30-FD5303013D0B}.Debug|Any CPU.Build.0 = Debug|Any CPU
		{6FAA23BE-F25B-4736-9D30-FD5303013D0B}.Release|Any CPU.ActiveCfg = Release|Any CPU
		{6FAA23BE-F25B-4736-9D30-FD5303013D0B}.Release|Any CPU.Build.0 = Release|Any CPU
	EndGlobalSection
	GlobalSection(SolutionProperties) = preSolution
		HideSolutionNode = FALSE
	EndGlobalSection
	GlobalSection(ExtensibilityGlobals) = postSolution
		SolutionGuid = {79A36F64-17D0-4192-B73B-2BB0F9D1CBA5}
	EndGlobalSection
EndGlobal
